
Microsoft Visual Studio Solution File, Format Version 12.00
# Visual Studio 15
VisualStudioVersion = 15.0.28307.102
MinimumVisualStudioVersion = 10.0.40219.1
Project("{9A19103F-16F7-4668-BE54-9A1E7A4F7556}") = "ExtCore", "ExtCore\ExtCore.csproj", "{16CC18D3-E7C7-482A-ADAB-A5E1DE0EB1ED}"
EndProject
Project("{9A19103F-16F7-4668-BE54-9A1E7A4F7556}") = "ExtCore.ExtensionA", "ExtCore.ExtensionA\ExtCore.ExtensionA.csproj", "{A13A687A-A8D9-4FB5-AB51-AD150AD3C9D5}"
EndProject
Global
	GlobalSection(SolutionConfigurationPlatforms) = preSolution
		Debug|Any CPU = Debug|Any CPU
		Release|Any CPU = Release|Any CPU
	EndGlobalSection
	GlobalSection(ProjectConfigurationPlatforms) = postSolution
		{16CC18D3-E7C7-482A-ADAB-A5E1DE0EB1ED}.Debug|Any CPU.ActiveCfg = Debug|Any CPU
		{16CC18D3-E7C7-482A-ADAB-A5E1DE0EB1ED}.Debug|Any CPU.Build.0 = Debug|Any CPU
		{16CC18D3-E7C7-482A-ADAB-A5E1DE0EB1ED}.Release|Any CPU.ActiveCfg = Release|Any CPU
		{16CC18D3-E7C7-482A-ADAB-A5E1DE0EB1ED}.Release|Any CPU.Build.0 = Release|Any CPU
		{A13A687A-A8D9-4FB5-AB51-AD150AD3C9D5}.Debug|Any CPU.ActiveCfg = Debug|Any CPU
		{A13A687A-A8D9-4FB5-AB51-AD150AD3C9D5}.Debug|Any CPU.Build.0 = Debug|Any CPU
		{A13A687A-A8D9-4FB5-AB51-AD150AD3C9D5}.Release|Any CPU.ActiveCfg = Release|Any CPU
		{A13A687A-A8D9-4FB5-AB51-AD150AD3C9D5}.Release|Any CPU.Build.0 = Release|Any CPU
	EndGlobalSection
	GlobalSection(SolutionProperties) = preSolution
		HideSolutionNode = FALSE
	EndGlobalSection
	GlobalSection(ExtensibilityGlobals) = postSolution
		SolutionGuid = {95E8B9B4-C42F-44ED-AC02-6CA02DEAC81B}
	EndGlobalSection
EndGlobal
