
Microsoft Visual Studio Solution File, Format Version 12.00
# Visual Studio 15
VisualStudioVersion = 15.0.28307.102
MinimumVisualStudioVersion = 10.0.40219.1
Project("{FAE04EC0-301F-11D3-BF4B-00C04F79EFBC}") = "Com.Kuswandanu.Learn.ExtCore", "Com.Kuswandanu.Learn.ExtCore\Com.Kuswandanu.Learn.ExtCore.csproj", "{523811A1-9658-4F9A-BECA-AEAE4AA4446C}"
EndProject
Global
	GlobalSection(SolutionConfigurationPlatforms) = preSolution
		Debug|Any CPU = Debug|Any CPU
		Release|Any CPU = Release|Any CPU
	EndGlobalSection
	GlobalSection(ProjectConfigurationPlatforms) = postSolution
		{523811A1-9658-4F9A-BECA-AEAE4AA4446C}.Debug|Any CPU.ActiveCfg = Debug|Any CPU
		{523811A1-9658-4F9A-BECA-AEAE4AA4446C}.Debug|Any CPU.Build.0 = Debug|Any CPU
		{523811A1-9658-4F9A-BECA-AEAE4AA4446C}.Release|Any CPU.ActiveCfg = Release|Any CPU
		{523811A1-9658-4F9A-BECA-AEAE4AA4446C}.Release|Any CPU.Build.0 = Release|Any CPU
	EndGlobalSection
	GlobalSection(SolutionProperties) = preSolution
		HideSolutionNode = FALSE
	EndGlobalSection
	GlobalSection(ExtensibilityGlobals) = postSolution
		SolutionGuid = {95E8B9B4-C42F-44ED-AC02-6CA02DEAC81B}
	EndGlobalSection
EndGlobal
